
Microsoft Visual Studio Solution File, Format Version 12.00
# Visual Studio Version 16
VisualStudioVersion = 16.0.31729.503
MinimumVisualStudioVersion = 10.0.40219.1
Project("{FAE04EC0-301F-11D3-BF4B-00C04F79EFBC}") = "uc1_present_absent", "uc1_present_absent\uc1_present_absent.csproj", "{3ABA0006-7425-4688-88E0-89ED71718413}"
EndProject
Global
	GlobalSection(SolutionConfigurationPlatforms) = preSolution
		Debug|Any CPU = Debug|Any CPU
		Release|Any CPU = Release|Any CPU
	EndGlobalSection
	GlobalSection(ProjectConfigurationPlatforms) = postSolution
		{3ABA0006-7425-4688-88E0-89ED71718413}.Debug|Any CPU.ActiveCfg = Debug|Any CPU
		{3ABA0006-7425-4688-88E0-89ED71718413}.Debug|Any CPU.Build.0 = Debug|Any CPU
		{3ABA0006-7425-4688-88E0-89ED71718413}.Release|Any CPU.ActiveCfg = Release|Any CPU
		{3ABA0006-7425-4688-88E0-89ED71718413}.Release|Any CPU.Build.0 = Release|Any CPU
	EndGlobalSection
	GlobalSection(SolutionProperties) = preSolution
		HideSolutionNode = FALSE
	EndGlobalSection
	GlobalSection(ExtensibilityGlobals) = postSolution
		SolutionGuid = {E7B2D128-1E0D-48D1-B189-EF15F83AAC5D}
	EndGlobalSection
EndGlobal
